// !$*UTF8*$!
{
	archiveVersion = 1;
	classes = {
	};
	objectVersion = 46;
	objects = {

/* Begin PBXBuildFile section */
		57032C7C202D2CFA00B90B50 /* investment.cpp in Sources */ = {isa = PBXBuildFile; fileRef = 57032C7B202D2CFA00B90B50 /* investment.cpp */; };
		57032C8520315BE600B90B50 /* linear.cpp in Sources */ = {isa = PBXBuildFile; fileRef = 57032C8420315BE600B90B50 /* linear.cpp */; };
		57032C872032B83100B90B50 /* maze.cpp in Sources */ = {isa = PBXBuildFile; fileRef = 57032C862032B83100B90B50 /* maze.cpp */; };
		57032C892032C3CF00B90B50 /* tree.cpp in Sources */ = {isa = PBXBuildFile; fileRef = 57032C882032C3CF00B90B50 /* tree.cpp */; };
/* End PBXBuildFile section */

/* Begin PBXCopyFilesBuildPhase section */
		57032C76202D2CFA00B90B50 /* CopyFiles */ = {
			isa = PBXCopyFilesBuildPhase;
			buildActionMask = 2147483647;
			dstPath = /usr/share/man/man1/;
			dstSubfolderSpec = 0;
			files = (
			);
			runOnlyForDeploymentPostprocessing = 1;
		};
/* End PBXCopyFilesBuildPhase section */

/* Begin PBXFileReference section */
		57032C78202D2CFA00B90B50 /* hw3_CS32 */ = {isa = PBXFileReference; explicitFileType = "compiled.mach-o.executable"; includeInIndex = 0; path = hw3_CS32; sourceTree = BUILT_PRODUCTS_DIR; };
		57032C7B202D2CFA00B90B50 /* investment.cpp */ = {isa = PBXFileReference; lastKnownFileType = sourcecode.cpp.cpp; path = investment.cpp; sourceTree = "<group>"; };
		57032C8420315BE600B90B50 /* linear.cpp */ = {isa = PBXFileReference; fileEncoding = 4; lastKnownFileType = sourcecode.cpp.cpp; path = linear.cpp; sourceTree = "<group>"; };
		57032C862032B83100B90B50 /* maze.cpp */ = {isa = PBXFileReference; fileEncoding = 4; lastKnownFileType = sourcecode.cpp.cpp; path = maze.cpp; sourceTree = "<group>"; };
		57032C882032C3CF00B90B50 /* tree.cpp */ = {isa = PBXFileReference; fileEncoding = 4; lastKnownFileType = sourcecode.cpp.cpp; path = tree.cpp; sourceTree = "<group>"; };
/* End PBXFileReference section */

/* Begin PBXFrameworksBuildPhase section */
		57032C75202D2CFA00B90B50 /* Frameworks */ = {
			isa = PBXFrameworksBuildPhase;
			buildActionMask = 2147483647;
			files = (
			);
			runOnlyForDeploymentPostprocessing = 0;
		};
/* End PBXFrameworksBuildPhase section */

/* Begin PBXGroup section */
		57032C6F202D2CF900B90B50 = {
			isa = PBXGroup;
			children = (
				57032C7A202D2CFA00B90B50 /* hw3_CS32 */,
				57032C79202D2CFA00B90B50 /* Products */,
			);
			sourceTree = "<group>";
		};
		57032C79202D2CFA00B90B50 /* Products */ = {
			isa = PBXGroup;
			children = (
				57032C78202D2CFA00B90B50 /* hw3_CS32 */,
			);
			name = Products;
			sourceTree = "<group>";
		};
		57032C7A202D2CFA00B90B50 /* hw3_CS32 */ = {
			isa = PBXGroup;
			children = (
				57032C7B202D2CFA00B90B50 /* investment.cpp */,
				57032C882032C3CF00B90B50 /* tree.cpp */,
				57032C862032B83100B90B50 /* maze.cpp */,
				57032C8420315BE600B90B50 /* linear.cpp */,
			);
			path = hw3_CS32;
			sourceTree = "<group>";
		};
/* End PBXGroup section */

/* Begin PBXNativeTarget section */
		57032C77202D2CFA00B90B50 /* hw3_CS32 */ = {
			isa = PBXNativeTarget;
			buildConfigurationList = 57032C7F202D2CFA00B90B50 /* Build configuration list for PBXNativeTarget "hw3_CS32" */;
			buildPhases = (
				57032C74202D2CFA00B90B50 /* Sources */,
				57032C75202D2CFA00B90B50 /* Frameworks */,
				57032C76202D2CFA00B90B50 /* CopyFiles */,
			);
			buildRules = (
			);
			dependencies = (
			);
			name = hw3_CS32;
			productName = hw3_CS32;
			productReference = 57032C78202D2CFA00B90B50 /* hw3_CS32 */;
			productType = "com.apple.product-type.tool";
		};
/* End PBXNativeTarget section */

/* Begin PBXProject section */
		57032C70202D2CF900B90B50 /* Project object */ = {
			isa = PBXProject;
			attributes = {
				LastUpgradeCheck = 0640;
				ORGANIZATIONNAME = "Elon Glouberman";
				TargetAttributes = {
					57032C77202D2CFA00B90B50 = {
						CreatedOnToolsVersion = 6.4;
					};
				};
			};
			buildConfigurationList = 57032C73202D2CF900B90B50 /* Build configuration list for PBXProject "hw3_CS32" */;
			compatibilityVersion = "Xcode 3.2";
			developmentRegion = English;
			hasScannedForEncodings = 0;
			knownRegions = (
				en,
			);
			mainGroup = 57032C6F202D2CF900B90B50;
			productRefGroup = 57032C79202D2CFA00B90B50 /* Products */;
			projectDirPath = "";
			projectRoot = "";
			targets = (
				57032C77202D2CFA00B90B50 /* hw3_CS32 */,
			);
		};
/* End PBXProject section */

/* Begin PBXSourcesBuildPhase section */
		57032C74202D2CFA00B90B50 /* Sources */ = {
			isa = PBXSourcesBuildPhase;
			buildActionMask = 2147483647;
			files = (
				57032C8520315BE600B90B50 /* linear.cpp in Sources */,
				57032C892032C3CF00B90B50 /* tree.cpp in Sources */,
				57032C7C202D2CFA00B90B50 /* investment.cpp in Sources */,
				57032C872032B83100B90B50 /* maze.cpp in Sources */,
			);
			runOnlyForDeploymentPostprocessing = 0;
		};
/* End PBXSourcesBuildPhase section */

/* Begin XCBuildConfiguration section */
		57032C7D202D2CFA00B90B50 /* Debug */ = {
			isa = XCBuildConfiguration;
			buildSettings = {
				ALWAYS_SEARCH_USER_PATHS = NO;
				CLANG_CXX_LANGUAGE_STANDARD = "gnu++0x";
				CLANG_CXX_LIBRARY = "libc++";
				CLANG_ENABLE_MODULES = YES;
				CLANG_ENABLE_OBJC_ARC = YES;
				CLANG_WARN_BOOL_CONVERSION = YES;
				CLANG_WARN_CONSTANT_CONVERSION = YES;
				CLANG_WARN_DIRECT_OBJC_ISA_USAGE = YES_ERROR;
				CLANG_WARN_EMPTY_BODY = YES;
				CLANG_WARN_ENUM_CONVERSION = YES;
				CLANG_WARN_INT_CONVERSION = YES;
				CLANG_WARN_OBJC_ROOT_CLASS = YES_ERROR;
				CLANG_WARN_UNREACHABLE_CODE = YES;
				CLANG_WARN__DUPLICATE_METHOD_MATCH = YES;
				COPY_PHASE_STRIP = NO;
				DEBUG_INFORMATION_FORMAT = dwarf;
				ENABLE_STRICT_OBJC_MSGSEND = YES;
				GCC_C_LANGUAGE_STANDARD = gnu99;
				GCC_DYNAMIC_NO_PIC = NO;
				GCC_NO_COMMON_BLOCKS = YES;
				GCC_OPTIMIZATION_LEVEL = 0;
				GCC_PREPROCESSOR_DEFINITIONS = (
					"DEBUG=1",
					"$(inherited)",
				);
				GCC_SYMBOLS_PRIVATE_EXTERN = NO;
				GCC_WARN_64_TO_32_BIT_CONVERSION = YES;
				GCC_WARN_ABOUT_RETURN_TYPE = YES_ERROR;
				GCC_WARN_UNDECLARED_SELECTOR = YES;
				GCC_WARN_UNINITIALIZED_AUTOS = YES_AGGRESSIVE;
				GCC_WARN_UNUSED_FUNCTION = YES;
				GCC_WARN_UNUSED_VARIABLE = YES;
				MACOSX_DEPLOYMENT_TARGET = 10.10;
				MTL_ENABLE_DEBUG_INFO = YES;
				ONLY_ACTIVE_ARCH = YES;
				SDKROOT = macosx;
			};
			name = Debug;
		};
		57032C7E202D2CFA00B90B50 /* Release */ = {
			isa = XCBuildConfiguration;
			buildSettings = {
				ALWAYS_SEARCH_USER_PATHS = NO;
				CLANG_CXX_LANGUAGE_STANDARD = "gnu++0x";
				CLANG_CXX_LIBRARY = "libc++";
				CLANG_ENABLE_MODULES = YES;
				CLANG_ENABLE_OBJC_ARC = YES;
				CLANG_WARN_BOOL_CONVERSION = YES;
				CLANG_WARN_CONSTANT_CONVERSION = YES;
				CLANG_WARN_DIRECT_OBJC_ISA_USAGE = YES_ERROR;
				CLANG_WARN_EMPTY_BODY = YES;
				CLANG_WARN_ENUM_CONVERSION = YES;
				CLANG_WARN_INT_CONVERSION = YES;
				CLANG_WARN_OBJC_ROOT_CLASS = YES_ERROR;
				CLANG_WARN_UNREACHABLE_CODE = YES;
				CLANG_WARN__DUPLICATE_METHOD_MATCH = YES;
				COPY_PHASE_STRIP = NO;
				DEBUG_INFORMATION_FORMAT = "dwarf-with-dsym";
				ENABLE_NS_ASSERTIONS = NO;
				ENABLE_STRICT_OBJC_MSGSEND = YES;
				GCC_C_LANGUAGE_STANDARD = gnu99;
				GCC_NO_COMMON_BLOCKS = YES;
				GCC_WARN_64_TO_32_BIT_CONVERSION = YES;
				GCC_WARN_ABOUT_RETURN_TYPE = YES_ERROR;
				GCC_WARN_UNDECLARED_SELECTOR = YES;
				GCC_WARN_UNINITIALIZED_AUTOS = YES_AGGRESSIVE;
				GCC_WARN_UNUSED_FUNCTION = YES;
				GCC_WARN_UNUSED_VARIABLE = YES;
				MACOSX_DEPLOYMENT_TARGET = 10.10;
				MTL_ENABLE_DEBUG_INFO = NO;
				SDKROOT = macosx;
			};
			name = Release;
		};
		57032C80202D2CFA00B90B50 /* Debug */ = {
			isa = XCBuildConfiguration;
			buildSettings = {
				PRODUCT_NAME = "$(TARGET_NAME)";
			};
			name = Debug;
		};
		57032C81202D2CFA00B90B50 /* Release */ = {
			isa = XCBuildConfiguration;
			buildSettings = {
				PRODUCT_NAME = "$(TARGET_NAME)";
			};
			name = Release;
		};
/* End XCBuildConfiguration section */

/* Begin XCConfigurationList section */
		57032C73202D2CF900B90B50 /* Build configuration list for PBXProject "hw3_CS32" */ = {
			isa = XCConfigurationList;
			buildConfigurations = (
				57032C7D202D2CFA00B90B50 /* Debug */,
				57032C7E202D2CFA00B90B50 /* Release */,
			);
			defaultConfigurationIsVisible = 0;
			defaultConfigurationName = Release;
		};
		57032C7F202D2CFA00B90B50 /* Build configuration list for PBXNativeTarget "hw3_CS32" */ = {
			isa = XCConfigurationList;
			buildConfigurations = (
				57032C80202D2CFA00B90B50 /* Debug */,
				57032C81202D2CFA00B90B50 /* Release */,
			);
			defaultConfigurationIsVisible = 0;
			defaultConfigurationName = Release;
		};
/* End XCConfigurationList section */
	};
	rootObject = 57032C70202D2CF900B90B50 /* Project object */;
}
