// !$*UTF8*$!
{
	archiveVersion = 1;
	classes = {
	};
	objectVersion = 46;
	objects = {

/* Begin PBXBuildFile section */
		576C9EA4201A5F170002483E /* testMap.cpp in Sources */ = {isa = PBXBuildFile; fileRef = 576C9EA3201A5F170002483E /* testMap.cpp */; };
		576C9EAC201A5F340002483E /* Map.cpp in Sources */ = {isa = PBXBuildFile; fileRef = 576C9EAA201A5F340002483E /* Map.cpp */; };
/* End PBXBuildFile section */

/* Begin PBXCopyFilesBuildPhase section */
		576C9E9E201A5F160002483E /* CopyFiles */ = {
			isa = PBXCopyFilesBuildPhase;
			buildActionMask = 2147483647;
			dstPath = /usr/share/man/man1/;
			dstSubfolderSpec = 0;
			files = (
			);
			runOnlyForDeploymentPostprocessing = 1;
		};
/* End PBXCopyFilesBuildPhase section */

/* Begin PBXFileReference section */
		576C9EA0201A5F160002483E /* CS32_proj2 */ = {isa = PBXFileReference; explicitFileType = "compiled.mach-o.executable"; includeInIndex = 0; path = CS32_proj2; sourceTree = BUILT_PRODUCTS_DIR; };
		576C9EA3201A5F170002483E /* testMap.cpp */ = {isa = PBXFileReference; lastKnownFileType = sourcecode.cpp.cpp; path = testMap.cpp; sourceTree = "<group>"; };
		576C9EAA201A5F340002483E /* Map.cpp */ = {isa = PBXFileReference; fileEncoding = 4; lastKnownFileType = sourcecode.cpp.cpp; path = Map.cpp; sourceTree = "<group>"; };
		576C9EAB201A5F340002483E /* Map.h */ = {isa = PBXFileReference; fileEncoding = 4; lastKnownFileType = sourcecode.c.h; path = Map.h; sourceTree = "<group>"; };
/* End PBXFileReference section */

/* Begin PBXFrameworksBuildPhase section */
		576C9E9D201A5F160002483E /* Frameworks */ = {
			isa = PBXFrameworksBuildPhase;
			buildActionMask = 2147483647;
			files = (
			);
			runOnlyForDeploymentPostprocessing = 0;
		};
/* End PBXFrameworksBuildPhase section */

/* Begin PBXGroup section */
		576C9E97201A5F160002483E = {
			isa = PBXGroup;
			children = (
				576C9EA2201A5F160002483E /* CS32_proj2 */,
				576C9EA1201A5F160002483E /* Products */,
			);
			sourceTree = "<group>";
		};
		576C9EA1201A5F160002483E /* Products */ = {
			isa = PBXGroup;
			children = (
				576C9EA0201A5F160002483E /* CS32_proj2 */,
			);
			name = Products;
			sourceTree = "<group>";
		};
		576C9EA2201A5F160002483E /* CS32_proj2 */ = {
			isa = PBXGroup;
			children = (
				576C9EA3201A5F170002483E /* testMap.cpp */,
				576C9EAA201A5F340002483E /* Map.cpp */,
				576C9EAB201A5F340002483E /* Map.h */,
			);
			path = CS32_proj2;
			sourceTree = "<group>";
		};
/* End PBXGroup section */

/* Begin PBXNativeTarget section */
		576C9E9F201A5F160002483E /* CS32_proj2 */ = {
			isa = PBXNativeTarget;
			buildConfigurationList = 576C9EA7201A5F170002483E /* Build configuration list for PBXNativeTarget "CS32_proj2" */;
			buildPhases = (
				576C9E9C201A5F160002483E /* Sources */,
				576C9E9D201A5F160002483E /* Frameworks */,
				576C9E9E201A5F160002483E /* CopyFiles */,
			);
			buildRules = (
			);
			dependencies = (
			);
			name = CS32_proj2;
			productName = CS32_proj2;
			productReference = 576C9EA0201A5F160002483E /* CS32_proj2 */;
			productType = "com.apple.product-type.tool";
		};
/* End PBXNativeTarget section */

/* Begin PBXProject section */
		576C9E98201A5F160002483E /* Project object */ = {
			isa = PBXProject;
			attributes = {
				LastUpgradeCheck = 0640;
				ORGANIZATIONNAME = "Elon Glouberman";
				TargetAttributes = {
					576C9E9F201A5F160002483E = {
						CreatedOnToolsVersion = 6.4;
					};
				};
			};
			buildConfigurationList = 576C9E9B201A5F160002483E /* Build configuration list for PBXProject "CS32_proj2" */;
			compatibilityVersion = "Xcode 3.2";
			developmentRegion = English;
			hasScannedForEncodings = 0;
			knownRegions = (
				en,
			);
			mainGroup = 576C9E97201A5F160002483E;
			productRefGroup = 576C9EA1201A5F160002483E /* Products */;
			projectDirPath = "";
			projectRoot = "";
			targets = (
				576C9E9F201A5F160002483E /* CS32_proj2 */,
			);
		};
/* End PBXProject section */

/* Begin PBXSourcesBuildPhase section */
		576C9E9C201A5F160002483E /* Sources */ = {
			isa = PBXSourcesBuildPhase;
			buildActionMask = 2147483647;
			files = (
				576C9EAC201A5F340002483E /* Map.cpp in Sources */,
				576C9EA4201A5F170002483E /* testMap.cpp in Sources */,
			);
			runOnlyForDeploymentPostprocessing = 0;
		};
/* End PBXSourcesBuildPhase section */

/* Begin XCBuildConfiguration section */
		576C9EA5201A5F170002483E /* Debug */ = {
			isa = XCBuildConfiguration;
			buildSettings = {
				ALWAYS_SEARCH_USER_PATHS = NO;
				CLANG_CXX_LANGUAGE_STANDARD = "gnu++0x";
				CLANG_CXX_LIBRARY = "libc++";
				CLANG_ENABLE_MODULES = YES;
				CLANG_ENABLE_OBJC_ARC = YES;
				CLANG_WARN_BOOL_CONVERSION = YES;
				CLANG_WARN_CONSTANT_CONVERSION = YES;
				CLANG_WARN_DIRECT_OBJC_ISA_USAGE = YES_ERROR;
				CLANG_WARN_EMPTY_BODY = YES;
				CLANG_WARN_ENUM_CONVERSION = YES;
				CLANG_WARN_INT_CONVERSION = YES;
				CLANG_WARN_OBJC_ROOT_CLASS = YES_ERROR;
				CLANG_WARN_UNREACHABLE_CODE = YES;
				CLANG_WARN__DUPLICATE_METHOD_MATCH = YES;
				COPY_PHASE_STRIP = NO;
				DEBUG_INFORMATION_FORMAT = dwarf;
				ENABLE_STRICT_OBJC_MSGSEND = YES;
				GCC_C_LANGUAGE_STANDARD = gnu99;
				GCC_DYNAMIC_NO_PIC = NO;
				GCC_NO_COMMON_BLOCKS = YES;
				GCC_OPTIMIZATION_LEVEL = 0;
				GCC_PREPROCESSOR_DEFINITIONS = (
					"DEBUG=1",
					"$(inherited)",
				);
				GCC_SYMBOLS_PRIVATE_EXTERN = NO;
				GCC_WARN_64_TO_32_BIT_CONVERSION = YES;
				GCC_WARN_ABOUT_RETURN_TYPE = YES_ERROR;
				GCC_WARN_UNDECLARED_SELECTOR = YES;
				GCC_WARN_UNINITIALIZED_AUTOS = YES_AGGRESSIVE;
				GCC_WARN_UNUSED_FUNCTION = YES;
				GCC_WARN_UNUSED_VARIABLE = YES;
				MACOSX_DEPLOYMENT_TARGET = 10.10;
				MTL_ENABLE_DEBUG_INFO = YES;
				ONLY_ACTIVE_ARCH = YES;
				SDKROOT = macosx;
			};
			name = Debug;
		};
		576C9EA6201A5F170002483E /* Release */ = {
			isa = XCBuildConfiguration;
			buildSettings = {
				ALWAYS_SEARCH_USER_PATHS = NO;
				CLANG_CXX_LANGUAGE_STANDARD = "gnu++0x";
				CLANG_CXX_LIBRARY = "libc++";
				CLANG_ENABLE_MODULES = YES;
				CLANG_ENABLE_OBJC_ARC = YES;
				CLANG_WARN_BOOL_CONVERSION = YES;
				CLANG_WARN_CONSTANT_CONVERSION = YES;
				CLANG_WARN_DIRECT_OBJC_ISA_USAGE = YES_ERROR;
				CLANG_WARN_EMPTY_BODY = YES;
				CLANG_WARN_ENUM_CONVERSION = YES;
				CLANG_WARN_INT_CONVERSION = YES;
				CLANG_WARN_OBJC_ROOT_CLASS = YES_ERROR;
				CLANG_WARN_UNREACHABLE_CODE = YES;
				CLANG_WARN__DUPLICATE_METHOD_MATCH = YES;
				COPY_PHASE_STRIP = NO;
				DEBUG_INFORMATION_FORMAT = "dwarf-with-dsym";
				ENABLE_NS_ASSERTIONS = NO;
				ENABLE_STRICT_OBJC_MSGSEND = YES;
				GCC_C_LANGUAGE_STANDARD = gnu99;
				GCC_NO_COMMON_BLOCKS = YES;
				GCC_WARN_64_TO_32_BIT_CONVERSION = YES;
				GCC_WARN_ABOUT_RETURN_TYPE = YES_ERROR;
				GCC_WARN_UNDECLARED_SELECTOR = YES;
				GCC_WARN_UNINITIALIZED_AUTOS = YES_AGGRESSIVE;
				GCC_WARN_UNUSED_FUNCTION = YES;
				GCC_WARN_UNUSED_VARIABLE = YES;
				MACOSX_DEPLOYMENT_TARGET = 10.10;
				MTL_ENABLE_DEBUG_INFO = NO;
				SDKROOT = macosx;
			};
			name = Release;
		};
		576C9EA8201A5F170002483E /* Debug */ = {
			isa = XCBuildConfiguration;
			buildSettings = {
				PRODUCT_NAME = "$(TARGET_NAME)";
			};
			name = Debug;
		};
		576C9EA9201A5F170002483E /* Release */ = {
			isa = XCBuildConfiguration;
			buildSettings = {
				PRODUCT_NAME = "$(TARGET_NAME)";
			};
			name = Release;
		};
/* End XCBuildConfiguration section */

/* Begin XCConfigurationList section */
		576C9E9B201A5F160002483E /* Build configuration list for PBXProject "CS32_proj2" */ = {
			isa = XCConfigurationList;
			buildConfigurations = (
				576C9EA5201A5F170002483E /* Debug */,
				576C9EA6201A5F170002483E /* Release */,
			);
			defaultConfigurationIsVisible = 0;
			defaultConfigurationName = Release;
		};
		576C9EA7201A5F170002483E /* Build configuration list for PBXNativeTarget "CS32_proj2" */ = {
			isa = XCConfigurationList;
			buildConfigurations = (
				576C9EA8201A5F170002483E /* Debug */,
				576C9EA9201A5F170002483E /* Release */,
			);
			defaultConfigurationIsVisible = 0;
			defaultConfigurationName = Release;
		};
/* End XCConfigurationList section */
	};
	rootObject = 576C9E98201A5F160002483E /* Project object */;
}
